{
  "name": "project-ideas",
  "version": "1.0.0",
  "lockfileVersion": 3,
  "requires": true,
  "packages": {
    "": {
      "name": "project-ideas",
      "version": "1.0.0",
      "license": "ISC",
      "dependencies": {
        "unoconv": "^0.1.2"
      }
    },
    "node_modules/mime": {
      "version": "1.2.11",
      "resolved": "https://registry.npmjs.org/mime/-/mime-1.2.11.tgz",
      "integrity": "sha512-Ysa2F/nqTNGHhhm9MV8ure4+Hc+Y8AWiqUdHxsO7xu8zc92ND9f3kpALHjaP026Ft17UfxrMt95c50PLUeynBw=="
    },
    "node_modules/underscore": {
      "version": "1.4.4",
      "resolved": "https://registry.npmjs.org/underscore/-/underscore-1.4.4.tgz",
      "integrity": "sha512-ZqGrAgaqqZM7LGRzNjLnw5elevWb5M8LEoDMadxIW3OWbcv72wMMgKdwOKpd5Fqxe8choLD8HN3iSj3TUh/giQ=="
    },
    "node_modules/unoconv": {
      "version": "0.1.2",
      "resolved": "https://registry.npmjs.org/unoconv/-/unoconv-0.1.2.tgz",
      "integrity": "sha512-uDDUe0NtCpLxOkQFrDCzceWzOWHb6w3sQY0rfbVakMSQABi0380dwEWXi2rS0j7H/AKhnM8OpbXz9THq+5hy3A==",
      "dependencies": {
        "mime": "1.2.x",
        "underscore": "1.4.x"
      }
    }
  }
}
